
Microsoft Visual Studio Solution File, Format Version 12.00
# Visual Studio Version 17
VisualStudioVersion = 17.0.31903.59
MinimumVisualStudioVersion = 10.0.40219.1
Project("{FAE04EC0-301F-11D3-BF4B-00C04F79EFBC}") = "CaMauTravel", "CaMauTravel\CaMauTravel.csproj", "{5E589C59-E8B3-44AF-92B0-E540008ED5C1}"
EndProject
Project("{FAE04EC0-301F-11D3-BF4B-00C04F79EFBC}") = "Model", "Model\Model.csproj", "{9BF1FB1C-60FB-4CF7-8FC0-FB2E1B69F3F4}"
EndProject
Global
	GlobalSection(SolutionConfigurationPlatforms) = preSolution
		Debug|Any CPU = Debug|Any CPU
		Release|Any CPU = Release|Any CPU
	EndGlobalSection
	GlobalSection(ProjectConfigurationPlatforms) = postSolution
		{5E589C59-E8B3-44AF-92B0-E540008ED5C1}.Debug|Any CPU.ActiveCfg = Debug|Any CPU
		{5E589C59-E8B3-44AF-92B0-E540008ED5C1}.Debug|Any CPU.Build.0 = Debug|Any CPU
		{5E589C59-E8B3-44AF-92B0-E540008ED5C1}.Release|Any CPU.ActiveCfg = Release|Any CPU
		{5E589C59-E8B3-44AF-92B0-E540008ED5C1}.Release|Any CPU.Build.0 = Release|Any CPU
		{9BF1FB1C-60FB-4CF7-8FC0-FB2E1B69F3F4}.Debug|Any CPU.ActiveCfg = Debug|Any CPU
		{9BF1FB1C-60FB-4CF7-8FC0-FB2E1B69F3F4}.Debug|Any CPU.Build.0 = Debug|Any CPU
		{9BF1FB1C-60FB-4CF7-8FC0-FB2E1B69F3F4}.Release|Any CPU.ActiveCfg = Release|Any CPU
		{9BF1FB1C-60FB-4CF7-8FC0-FB2E1B69F3F4}.Release|Any CPU.Build.0 = Release|Any CPU
	EndGlobalSection
	GlobalSection(SolutionProperties) = preSolution
		HideSolutionNode = FALSE
	EndGlobalSection
	GlobalSection(ExtensibilityGlobals) = postSolution
		SolutionGuid = {A829FDCA-644F-48AE-8F9D-362490503169}
	EndGlobalSection
EndGlobal
